
Microsoft Visual Studio Solution File, Format Version 12.00
# Visual Studio 2013
VisualStudioVersion = 12.0.40629.0
MinimumVisualStudioVersion = 10.0.40219.1
Project("{FAE04EC0-301F-11D3-BF4B-00C04F79EFBC}") = "TaschenRechnerLib", "TaschenRechnerLib\TaschenRechnerLib.csproj", "{794F1E27-4BAC-4642-8AE3-B84F109F6D59}"
EndProject
Project("{FAE04EC0-301F-11D3-BF4B-00C04F79EFBC}") = "TaschenRechnerTest", "TaschenRechnerTest\TaschenRechnerTest.csproj", "{ED763303-179A-4B9E-BB7D-4EC91B10760E}"
EndProject
Global
	GlobalSection(SolutionConfigurationPlatforms) = preSolution
		Debug|Any CPU = Debug|Any CPU
		Release|Any CPU = Release|Any CPU
	EndGlobalSection
	GlobalSection(ProjectConfigurationPlatforms) = postSolution
		{794F1E27-4BAC-4642-8AE3-B84F109F6D59}.Debug|Any CPU.ActiveCfg = Debug|Any CPU
		{794F1E27-4BAC-4642-8AE3-B84F109F6D59}.Debug|Any CPU.Build.0 = Debug|Any CPU
		{794F1E27-4BAC-4642-8AE3-B84F109F6D59}.Release|Any CPU.ActiveCfg = Release|Any CPU
		{794F1E27-4BAC-4642-8AE3-B84F109F6D59}.Release|Any CPU.Build.0 = Release|Any CPU
		{ED763303-179A-4B9E-BB7D-4EC91B10760E}.Debug|Any CPU.ActiveCfg = Debug|Any CPU
		{ED763303-179A-4B9E-BB7D-4EC91B10760E}.Debug|Any CPU.Build.0 = Debug|Any CPU
		{ED763303-179A-4B9E-BB7D-4EC91B10760E}.Release|Any CPU.ActiveCfg = Release|Any CPU
		{ED763303-179A-4B9E-BB7D-4EC91B10760E}.Release|Any CPU.Build.0 = Release|Any CPU
	EndGlobalSection
	GlobalSection(SolutionProperties) = preSolution
		HideSolutionNode = FALSE
	EndGlobalSection
EndGlobal
